// !$*UTF8*$!
{
	archiveVersion = 1;
	classes = {
	};
	objectVersion = 46;
	objects = {

/* Begin PBXBuildFile section */
		77A8E3381AB4075600BC058A /* AppDelegate.swift in Sources */ = {isa = PBXBuildFile; fileRef = 77A8E3371AB4075600BC058A /* AppDelegate.swift */; };
		77A8E33A1AB4075600BC058A /* ViewController.swift in Sources */ = {isa = PBXBuildFile; fileRef = 77A8E3391AB4075600BC058A /* ViewController.swift */; };
		77A8E33D1AB4075600BC058A /* Main.storyboard in Resources */ = {isa = PBXBuildFile; fileRef = 77A8E33B1AB4075600BC058A /* Main.storyboard */; };
		77A8E33F1AB4075600BC058A /* Images.xcassets in Resources */ = {isa = PBXBuildFile; fileRef = 77A8E33E1AB4075600BC058A /* Images.xcassets */; };
		77A8E3421AB4075600BC058A /* LaunchScreen.xib in Resources */ = {isa = PBXBuildFile; fileRef = 77A8E3401AB4075600BC058A /* LaunchScreen.xib */; };
		77A8E34E1AB4075600BC058A /* NotesTests.swift in Sources */ = {isa = PBXBuildFile; fileRef = 77A8E34D1AB4075600BC058A /* NotesTests.swift */; };
		77A8E35C1AB409F000BC058A /* ShowNotesVC.swift in Sources */ = {isa = PBXBuildFile; fileRef = 77A8E3571AB409F000BC058A /* ShowNotesVC.swift */; };
		77A8E35D1AB409F000BC058A /* AddNoteVC.swift in Sources */ = {isa = PBXBuildFile; fileRef = 77A8E3581AB409F000BC058A /* AddNoteVC.swift */; };
		77A8E35E1AB409F000BC058A /* OptionVC.swift in Sources */ = {isa = PBXBuildFile; fileRef = 77A8E3591AB409F000BC058A /* OptionVC.swift */; };
		77A8E35F1AB409F000BC058A /* ShowDetailsCell.swift in Sources */ = {isa = PBXBuildFile; fileRef = 77A8E35A1AB409F000BC058A /* ShowDetailsCell.swift */; };
		77A8E3601AB409F000BC058A /* TableViewCell.swift in Sources */ = {isa = PBXBuildFile; fileRef = 77A8E35B1AB409F000BC058A /* TableViewCell.swift */; };
		77A8E3671AB4265A00BC058A /* Bolts.framework in Frameworks */ = {isa = PBXBuildFile; fileRef = 77A8E3621AB4265A00BC058A /* Bolts.framework */; };
		77A8E3681AB4265A00BC058A /* Parse.framework in Frameworks */ = {isa = PBXBuildFile; fileRef = 77A8E3631AB4265A00BC058A /* Parse.framework */; };
		77A8E3691AB4265A00BC058A /* ParseCrashReporting.framework in Frameworks */ = {isa = PBXBuildFile; fileRef = 77A8E3641AB4265A00BC058A /* ParseCrashReporting.framework */; };
		77A8E36A1AB4265A00BC058A /* ParseFacebookUtils.framework in Frameworks */ = {isa = PBXBuildFile; fileRef = 77A8E3651AB4265A00BC058A /* ParseFacebookUtils.framework */; };
		77A8E36B1AB4265A00BC058A /* ParseUI.framework in Frameworks */ = {isa = PBXBuildFile; fileRef = 77A8E3661AB4265A00BC058A /* ParseUI.framework */; };
		8053DAE81AB41361001A3ED4 /* Accounts.framework in Frameworks */ = {isa = PBXBuildFile; fileRef = 8053DADC1AB41361001A3ED4 /* Accounts.framework */; };
		8053DAE91AB41361001A3ED4 /* AudioToolbox.framework in Frameworks */ = {isa = PBXBuildFile; fileRef = 8053DADD1AB41361001A3ED4 /* AudioToolbox.framework */; };
		8053DAEA1AB41361001A3ED4 /* CFNetwork.framework in Frameworks */ = {isa = PBXBuildFile; fileRef = 8053DADE1AB41361001A3ED4 /* CFNetwork.framework */; };
		8053DAEB1AB41361001A3ED4 /* CoreGraphics.framework in Frameworks */ = {isa = PBXBuildFile; fileRef = 8053DADF1AB41361001A3ED4 /* CoreGraphics.framework */; };
		8053DAEC1AB41361001A3ED4 /* CoreLocation.framework in Frameworks */ = {isa = PBXBuildFile; fileRef = 8053DAE01AB41361001A3ED4 /* CoreLocation.framework */; };
		8053DAED1AB41361001A3ED4 /* libsqlite3.dylib in Frameworks */ = {isa = PBXBuildFile; fileRef = 8053DAE11AB41361001A3ED4 /* libsqlite3.dylib */; };
		8053DAEE1AB41361001A3ED4 /* libz.dylib in Frameworks */ = {isa = PBXBuildFile; fileRef = 8053DAE21AB41361001A3ED4 /* libz.dylib */; };
		8053DAEF1AB41361001A3ED4 /* MobileCoreServices.framework in Frameworks */ = {isa = PBXBuildFile; fileRef = 8053DAE31AB41361001A3ED4 /* MobileCoreServices.framework */; };
		8053DAF01AB41361001A3ED4 /* QuartzCore.framework in Frameworks */ = {isa = PBXBuildFile; fileRef = 8053DAE41AB41361001A3ED4 /* QuartzCore.framework */; };
		8053DAF11AB41361001A3ED4 /* Security.framework in Frameworks */ = {isa = PBXBuildFile; fileRef = 8053DAE51AB41361001A3ED4 /* Security.framework */; };
		8053DAF21AB41361001A3ED4 /* StoreKit.framework in Frameworks */ = {isa = PBXBuildFile; fileRef = 8053DAE61AB41361001A3ED4 /* StoreKit.framework */; };
		8053DAF31AB41361001A3ED4 /* SystemConfiguration.framework in Frameworks */ = {isa = PBXBuildFile; fileRef = 8053DAE71AB41361001A3ED4 /* SystemConfiguration.framework */; };
		8053DAFF1AB413B7001A3ED4 /* Social.framework in Frameworks */ = {isa = PBXBuildFile; fileRef = 8053DAFE1AB413B7001A3ED4 /* Social.framework */; };
		8053DB051AB414AF001A3ED4 /* JHProgressHUD.swift in Sources */ = {isa = PBXBuildFile; fileRef = 8053DB041AB414AF001A3ED4 /* JHProgressHUD.swift */; };
/* End PBXBuildFile section */

/* Begin PBXContainerItemProxy section */
		77A8E3481AB4075600BC058A /* PBXContainerItemProxy */ = {
			isa = PBXContainerItemProxy;
			containerPortal = 77A8E32A1AB4075500BC058A /* Project object */;
			proxyType = 1;
			remoteGlobalIDString = 77A8E3311AB4075600BC058A;
			remoteInfo = Notes;
		};
/* End PBXContainerItemProxy section */

/* Begin PBXFileReference section */
		77A8E3321AB4075600BC058A /* Notes.app */ = {isa = PBXFileReference; explicitFileType = wrapper.application; includeInIndex = 0; path = Notes.app; sourceTree = BUILT_PRODUCTS_DIR; };
		77A8E3361AB4075600BC058A /* Info.plist */ = {isa = PBXFileReference; lastKnownFileType = text.plist.xml; path = Info.plist; sourceTree = "<group>"; };
		77A8E3371AB4075600BC058A /* AppDelegate.swift */ = {isa = PBXFileReference; lastKnownFileType = sourcecode.swift; path = AppDelegate.swift; sourceTree = "<group>"; };
		77A8E3391AB4075600BC058A /* ViewController.swift */ = {isa = PBXFileReference; lastKnownFileType = sourcecode.swift; path = ViewController.swift; sourceTree = "<group>"; };
		77A8E33C1AB4075600BC058A /* Base */ = {isa = PBXFileReference; lastKnownFileType = file.storyboard; name = Base; path = Base.lproj/Main.storyboard; sourceTree = "<group>"; };
		77A8E33E1AB4075600BC058A /* Images.xcassets */ = {isa = PBXFileReference; lastKnownFileType = folder.assetcatalog; path = Images.xcassets; sourceTree = "<group>"; };
		77A8E3411AB4075600BC058A /* Base */ = {isa = PBXFileReference; lastKnownFileType = file.xib; name = Base; path = Base.lproj/LaunchScreen.xib; sourceTree = "<group>"; };
		77A8E3471AB4075600BC058A /* NotesTests.xctest */ = {isa = PBXFileReference; explicitFileType = wrapper.cfbundle; includeInIndex = 0; path = NotesTests.xctest; sourceTree = BUILT_PRODUCTS_DIR; };
		77A8E34C1AB4075600BC058A /* Info.plist */ = {isa = PBXFileReference; lastKnownFileType = text.plist.xml; path = Info.plist; sourceTree = "<group>"; };
		77A8E34D1AB4075600BC058A /* NotesTests.swift */ = {isa = PBXFileReference; lastKnownFileType = sourcecode.swift; path = NotesTests.swift; sourceTree = "<group>"; };
		77A8E3571AB409F000BC058A /* ShowNotesVC.swift */ = {isa = PBXFileReference; fileEncoding = 4; lastKnownFileType = sourcecode.swift; path = ShowNotesVC.swift; sourceTree = "<group>"; };
		77A8E3581AB409F000BC058A /* AddNoteVC.swift */ = {isa = PBXFileReference; fileEncoding = 4; lastKnownFileType = sourcecode.swift; path = AddNoteVC.swift; sourceTree = "<group>"; };
		77A8E3591AB409F000BC058A /* OptionVC.swift */ = {isa = PBXFileReference; fileEncoding = 4; lastKnownFileType = sourcecode.swift; path = OptionVC.swift; sourceTree = "<group>"; };
		77A8E35A1AB409F000BC058A /* ShowDetailsCell.swift */ = {isa = PBXFileReference; fileEncoding = 4; lastKnownFileType = sourcecode.swift; path = ShowDetailsCell.swift; sourceTree = "<group>"; };
		77A8E35B1AB409F000BC058A /* TableViewCell.swift */ = {isa = PBXFileReference; fileEncoding = 4; lastKnownFileType = sourcecode.swift; path = TableViewCell.swift; sourceTree = "<group>"; };
		77A8E3621AB4265A00BC058A /* Bolts.framework */ = {isa = PBXFileReference; lastKnownFileType = wrapper.framework; name = Bolts.framework; path = "parse-library-1.6.1/Bolts.framework"; sourceTree = "<group>"; };
		77A8E3631AB4265A00BC058A /* Parse.framework */ = {isa = PBXFileReference; lastKnownFileType = wrapper.framework; name = Parse.framework; path = "parse-library-1.6.1/Parse.framework"; sourceTree = "<group>"; };
		77A8E3641AB4265A00BC058A /* ParseCrashReporting.framework */ = {isa = PBXFileReference; lastKnownFileType = wrapper.framework; name = ParseCrashReporting.framework; path = "parse-library-1.6.1/ParseCrashReporting.framework"; sourceTree = "<group>"; };
		77A8E3651AB4265A00BC058A /* ParseFacebookUtils.framework */ = {isa = PBXFileReference; lastKnownFileType = wrapper.framework; name = ParseFacebookUtils.framework; path = "parse-library-1.6.1/ParseFacebookUtils.framework"; sourceTree = "<group>"; };
		77A8E3661AB4265A00BC058A /* ParseUI.framework */ = {isa = PBXFileReference; lastKnownFileType = wrapper.framework; name = ParseUI.framework; path = "parse-library-1.6.1/ParseUI.framework"; sourceTree = "<group>"; };
		8053DADC1AB41361001A3ED4 /* Accounts.framework */ = {isa = PBXFileReference; lastKnownFileType = wrapper.framework; name = Accounts.framework; path = System/Library/Frameworks/Accounts.framework; sourceTree = SDKROOT; };
		8053DADD1AB41361001A3ED4 /* AudioToolbox.framework */ = {isa = PBXFileReference; lastKnownFileType = wrapper.framework; name = AudioToolbox.framework; path = System/Library/Frameworks/AudioToolbox.framework; sourceTree = SDKROOT; };
		8053DADE1AB41361001A3ED4 /* CFNetwork.framework */ = {isa = PBXFileReference; lastKnownFileType = wrapper.framework; name = CFNetwork.framework; path = System/Library/Frameworks/CFNetwork.framework; sourceTree = SDKROOT; };
		8053DADF1AB41361001A3ED4 /* CoreGraphics.framework */ = {isa = PBXFileReference; lastKnownFileType = wrapper.framework; name = CoreGraphics.framework; path = System/Library/Frameworks/CoreGraphics.framework; sourceTree = SDKROOT; };
		8053DAE01AB41361001A3ED4 /* CoreLocation.framework */ = {isa = PBXFileReference; lastKnownFileType = wrapper.framework; name = CoreLocation.framework; path = System/Library/Frameworks/CoreLocation.framework; sourceTree = SDKROOT; };
		8053DAE11AB41361001A3ED4 /* libsqlite3.dylib */ = {isa = PBXFileReference; lastKnownFileType = "compiled.mach-o.dylib"; name = libsqlite3.dylib; path = usr/lib/libsqlite3.dylib; sourceTree = SDKROOT; };
		8053DAE21AB41361001A3ED4 /* libz.dylib */ = {isa = PBXFileReference; lastKnownFileType = "compiled.mach-o.dylib"; name = libz.dylib; path = usr/lib/libz.dylib; sourceTree = SDKROOT; };
		8053DAE31AB41361001A3ED4 /* MobileCoreServices.framework */ = {isa = PBXFileReference; lastKnownFileType = wrapper.framework; name = MobileCoreServices.framework; path = System/Library/Frameworks/MobileCoreServices.framework; sourceTree = SDKROOT; };
		8053DAE41AB41361001A3ED4 /* QuartzCore.framework */ = {isa = PBXFileReference; lastKnownFileType = wrapper.framework; name = QuartzCore.framework; path = System/Library/Frameworks/QuartzCore.framework; sourceTree = SDKROOT; };
		8053DAE51AB41361001A3ED4 /* Security.framework */ = {isa = PBXFileReference; lastKnownFileType = wrapper.framework; name = Security.framework; path = System/Library/Frameworks/Security.framework; sourceTree = SDKROOT; };
		8053DAE61AB41361001A3ED4 /* StoreKit.framework */ = {isa = PBXFileReference; lastKnownFileType = wrapper.framework; name = StoreKit.framework; path = System/Library/Frameworks/StoreKit.framework; sourceTree = SDKROOT; };
		8053DAE71AB41361001A3ED4 /* SystemConfiguration.framework */ = {isa = PBXFileReference; lastKnownFileType = wrapper.framework; name = SystemConfiguration.framework; path = System/Library/Frameworks/SystemConfiguration.framework; sourceTree = SDKROOT; };
		8053DAFE1AB413B7001A3ED4 /* Social.framework */ = {isa = PBXFileReference; lastKnownFileType = wrapper.framework; name = Social.framework; path = System/Library/Frameworks/Social.framework; sourceTree = SDKROOT; };
		8053DB011AB41416001A3ED4 /* Notes-Bridging-Header.h */ = {isa = PBXFileReference; lastKnownFileType = sourcecode.c.h; path = "Notes-Bridging-Header.h"; sourceTree = "<group>"; };
		8053DB041AB414AF001A3ED4 /* JHProgressHUD.swift */ = {isa = PBXFileReference; fileEncoding = 4; lastKnownFileType = sourcecode.swift; path = JHProgressHUD.swift; sourceTree = "<group>"; };
/* End PBXFileReference section */

/* Begin PBXFrameworksBuildPhase section */
		77A8E32F1AB4075600BC058A /* Frameworks */ = {
			isa = PBXFrameworksBuildPhase;
			buildActionMask = 2147483647;
			files = (
				77A8E36B1AB4265A00BC058A /* ParseUI.framework in Frameworks */,
				8053DAFF1AB413B7001A3ED4 /* Social.framework in Frameworks */,
				8053DAE81AB41361001A3ED4 /* Accounts.framework in Frameworks */,
				8053DAE91AB41361001A3ED4 /* AudioToolbox.framework in Frameworks */,
				8053DAEA1AB41361001A3ED4 /* CFNetwork.framework in Frameworks */,
				77A8E3681AB4265A00BC058A /* Parse.framework in Frameworks */,
				77A8E36A1AB4265A00BC058A /* ParseFacebookUtils.framework in Frameworks */,
				8053DAEB1AB41361001A3ED4 /* CoreGraphics.framework in Frameworks */,
				8053DAEC1AB41361001A3ED4 /* CoreLocation.framework in Frameworks */,
				8053DAED1AB41361001A3ED4 /* libsqlite3.dylib in Frameworks */,
				8053DAEE1AB41361001A3ED4 /* libz.dylib in Frameworks */,
				8053DAEF1AB41361001A3ED4 /* MobileCoreServices.framework in Frameworks */,
				8053DAF01AB41361001A3ED4 /* QuartzCore.framework in Frameworks */,
				8053DAF11AB41361001A3ED4 /* Security.framework in Frameworks */,
				8053DAF21AB41361001A3ED4 /* StoreKit.framework in Frameworks */,
				8053DAF31AB41361001A3ED4 /* SystemConfiguration.framework in Frameworks */,
				77A8E3671AB4265A00BC058A /* Bolts.framework in Frameworks */,
				77A8E3691AB4265A00BC058A /* ParseCrashReporting.framework in Frameworks */,
			);
			runOnlyForDeploymentPostprocessing = 0;
		};
		77A8E3441AB4075600BC058A /* Frameworks */ = {
			isa = PBXFrameworksBuildPhase;
			buildActionMask = 2147483647;
			files = (
			);
			runOnlyForDeploymentPostprocessing = 0;
		};
/* End PBXFrameworksBuildPhase section */

/* Begin PBXGroup section */
		77A8E3291AB4075500BC058A = {
			isa = PBXGroup;
			children = (
				8053DB001AB413C9001A3ED4 /* Frameworks */,
				77A8E3341AB4075600BC058A /* Notes */,
				77A8E34A1AB4075600BC058A /* NotesTests */,
				77A8E3331AB4075600BC058A /* Products */,
			);
			sourceTree = "<group>";
		};
		77A8E3331AB4075600BC058A /* Products */ = {
			isa = PBXGroup;
			children = (
				77A8E3321AB4075600BC058A /* Notes.app */,
				77A8E3471AB4075600BC058A /* NotesTests.xctest */,
			);
			name = Products;
			sourceTree = "<group>";
		};
		77A8E3341AB4075600BC058A /* Notes */ = {
			isa = PBXGroup;
			children = (
				77A8E3611AB409F400BC058A /* View */,
				77A8E3591AB409F000BC058A /* OptionVC.swift */,
				77A8E3391AB4075600BC058A /* ViewController.swift */,
				77A8E3581AB409F000BC058A /* AddNoteVC.swift */,
				77A8E3571AB409F000BC058A /* ShowNotesVC.swift */,
				77A8E3371AB4075600BC058A /* AppDelegate.swift */,
				8053DB041AB414AF001A3ED4 /* JHProgressHUD.swift */,
				77A8E33B1AB4075600BC058A /* Main.storyboard */,
				77A8E33E1AB4075600BC058A /* Images.xcassets */,
				77A8E3401AB4075600BC058A /* LaunchScreen.xib */,
				77A8E3351AB4075600BC058A /* Supporting Files */,
			);
			path = Notes;
			sourceTree = "<group>";
		};
		77A8E3351AB4075600BC058A /* Supporting Files */ = {
			isa = PBXGroup;
			children = (
				77A8E3361AB4075600BC058A /* Info.plist */,
			);
			name = "Supporting Files";
			sourceTree = "<group>";
		};
		77A8E34A1AB4075600BC058A /* NotesTests */ = {
			isa = PBXGroup;
			children = (
				77A8E34D1AB4075600BC058A /* NotesTests.swift */,
				77A8E34B1AB4075600BC058A /* Supporting Files */,
			);
			path = NotesTests;
			sourceTree = "<group>";
		};
		77A8E34B1AB4075600BC058A /* Supporting Files */ = {
			isa = PBXGroup;
			children = (
				77A8E34C1AB4075600BC058A /* Info.plist */,
			);
			name = "Supporting Files";
			sourceTree = "<group>";
		};
		77A8E3611AB409F400BC058A /* View */ = {
			isa = PBXGroup;
			children = (
				8053DB011AB41416001A3ED4 /* Notes-Bridging-Header.h */,
				77A8E35A1AB409F000BC058A /* ShowDetailsCell.swift */,
				77A8E35B1AB409F000BC058A /* TableViewCell.swift */,
			);
			name = View;
			sourceTree = "<group>";
		};
		8053DB001AB413C9001A3ED4 /* Frameworks */ = {
			isa = PBXGroup;
			children = (
				77A8E3621AB4265A00BC058A /* Bolts.framework */,
				77A8E3631AB4265A00BC058A /* Parse.framework */,
				77A8E3641AB4265A00BC058A /* ParseCrashReporting.framework */,
				77A8E3651AB4265A00BC058A /* ParseFacebookUtils.framework */,
				77A8E3661AB4265A00BC058A /* ParseUI.framework */,
				8053DAFE1AB413B7001A3ED4 /* Social.framework */,
				8053DADC1AB41361001A3ED4 /* Accounts.framework */,
				8053DADD1AB41361001A3ED4 /* AudioToolbox.framework */,
				8053DADE1AB41361001A3ED4 /* CFNetwork.framework */,
				8053DADF1AB41361001A3ED4 /* CoreGraphics.framework */,
				8053DAE01AB41361001A3ED4 /* CoreLocation.framework */,
				8053DAE11AB41361001A3ED4 /* libsqlite3.dylib */,
				8053DAE21AB41361001A3ED4 /* libz.dylib */,
				8053DAE31AB41361001A3ED4 /* MobileCoreServices.framework */,
				8053DAE41AB41361001A3ED4 /* QuartzCore.framework */,
				8053DAE51AB41361001A3ED4 /* Security.framework */,
				8053DAE61AB41361001A3ED4 /* StoreKit.framework */,
				8053DAE71AB41361001A3ED4 /* SystemConfiguration.framework */,
			);
			name = Frameworks;
			sourceTree = "<group>";
		};
/* End PBXGroup section */

/* Begin PBXNativeTarget section */
		77A8E3311AB4075600BC058A /* Notes */ = {
			isa = PBXNativeTarget;
			buildConfigurationList = 77A8E3511AB4075600BC058A /* Build configuration list for PBXNativeTarget "Notes" */;
			buildPhases = (
				77A8E32E1AB4075600BC058A /* Sources */,
				77A8E32F1AB4075600BC058A /* Frameworks */,
				77A8E3301AB4075600BC058A /* Resources */,
			);
			buildRules = (
			);
			dependencies = (
			);
			name = Notes;
			productName = Notes;
			productReference = 77A8E3321AB4075600BC058A /* Notes.app */;
			productType = "com.apple.product-type.application";
		};
		77A8E3461AB4075600BC058A /* NotesTests */ = {
			isa = PBXNativeTarget;
			buildConfigurationList = 77A8E3541AB4075600BC058A /* Build configuration list for PBXNativeTarget "NotesTests" */;
			buildPhases = (
				77A8E3431AB4075600BC058A /* Sources */,
				77A8E3441AB4075600BC058A /* Frameworks */,
				77A8E3451AB4075600BC058A /* Resources */,
			);
			buildRules = (
			);
			dependencies = (
				77A8E3491AB4075600BC058A /* PBXTargetDependency */,
			);
			name = NotesTests;
			productName = NotesTests;
			productReference = 77A8E3471AB4075600BC058A /* NotesTests.xctest */;
			productType = "com.apple.product-type.bundle.unit-test";
		};
/* End PBXNativeTarget section */

/* Begin PBXProject section */
		77A8E32A1AB4075500BC058A /* Project object */ = {
			isa = PBXProject;
			attributes = {
				LastUpgradeCheck = 0610;
				ORGANIZATIONNAME = rbt;
				TargetAttributes = {
					77A8E3311AB4075600BC058A = {
						CreatedOnToolsVersion = 6.1.1;
					};
					77A8E3461AB4075600BC058A = {
						CreatedOnToolsVersion = 6.1.1;
						TestTargetID = 77A8E3311AB4075600BC058A;
					};
				};
			};
			buildConfigurationList = 77A8E32D1AB4075500BC058A /* Build configuration list for PBXProject "Notes" */;
			compatibilityVersion = "Xcode 3.2";
			developmentRegion = English;
			hasScannedForEncodings = 0;
			knownRegions = (
				en,
				Base,
			);
			mainGroup = 77A8E3291AB4075500BC058A;
			productRefGroup = 77A8E3331AB4075600BC058A /* Products */;
			projectDirPath = "";
			projectRoot = "";
			targets = (
				77A8E3311AB4075600BC058A /* Notes */,
				77A8E3461AB4075600BC058A /* NotesTests */,
			);
		};
/* End PBXProject section */

/* Begin PBXResourcesBuildPhase section */
		77A8E3301AB4075600BC058A /* Resources */ = {
			isa = PBXResourcesBuildPhase;
			buildActionMask = 2147483647;
			files = (
				77A8E33D1AB4075600BC058A /* Main.storyboard in Resources */,
				77A8E3421AB4075600BC058A /* LaunchScreen.xib in Resources */,
				77A8E33F1AB4075600BC058A /* Images.xcassets in Resources */,
			);
			runOnlyForDeploymentPostprocessing = 0;
		};
		77A8E3451AB4075600BC058A /* Resources */ = {
			isa = PBXResourcesBuildPhase;
			buildActionMask = 2147483647;
			files = (
			);
			runOnlyForDeploymentPostprocessing = 0;
		};
/* End PBXResourcesBuildPhase section */

/* Begin PBXSourcesBuildPhase section */
		77A8E32E1AB4075600BC058A /* Sources */ = {
			isa = PBXSourcesBuildPhase;
			buildActionMask = 2147483647;
			files = (
				77A8E33A1AB4075600BC058A /* ViewController.swift in Sources */,
				77A8E35F1AB409F000BC058A /* ShowDetailsCell.swift in Sources */,
				77A8E35C1AB409F000BC058A /* ShowNotesVC.swift in Sources */,
				77A8E35E1AB409F000BC058A /* OptionVC.swift in Sources */,
				77A8E35D1AB409F000BC058A /* AddNoteVC.swift in Sources */,
				77A8E3601AB409F000BC058A /* TableViewCell.swift in Sources */,
				8053DB051AB414AF001A3ED4 /* JHProgressHUD.swift in Sources */,
				77A8E3381AB4075600BC058A /* AppDelegate.swift in Sources */,
			);
			runOnlyForDeploymentPostprocessing = 0;
		};
		77A8E3431AB4075600BC058A /* Sources */ = {
			isa = PBXSourcesBuildPhase;
			buildActionMask = 2147483647;
			files = (
				77A8E34E1AB4075600BC058A /* NotesTests.swift in Sources */,
			);
			runOnlyForDeploymentPostprocessing = 0;
		};
/* End PBXSourcesBuildPhase section */

/* Begin PBXTargetDependency section */
		77A8E3491AB4075600BC058A /* PBXTargetDependency */ = {
			isa = PBXTargetDependency;
			target = 77A8E3311AB4075600BC058A /* Notes */;
			targetProxy = 77A8E3481AB4075600BC058A /* PBXContainerItemProxy */;
		};
/* End PBXTargetDependency section */

/* Begin PBXVariantGroup section */
		77A8E33B1AB4075600BC058A /* Main.storyboard */ = {
			isa = PBXVariantGroup;
			children = (
				77A8E33C1AB4075600BC058A /* Base */,
			);
			name = Main.storyboard;
			sourceTree = "<group>";
		};
		77A8E3401AB4075600BC058A /* LaunchScreen.xib */ = {
			isa = PBXVariantGroup;
			children = (
				77A8E3411AB4075600BC058A /* Base */,
			);
			name = LaunchScreen.xib;
			sourceTree = "<group>";
		};
/* End PBXVariantGroup section */

/* Begin XCBuildConfiguration section */
		77A8E34F1AB4075600BC058A /* Debug */ = {
			isa = XCBuildConfiguration;
			buildSettings = {
				ALWAYS_SEARCH_USER_PATHS = NO;
				CLANG_CXX_LANGUAGE_STANDARD = "gnu++0x";
				CLANG_CXX_LIBRARY = "libc++";
				CLANG_ENABLE_MODULES = YES;
				CLANG_ENABLE_OBJC_ARC = YES;
				CLANG_WARN_BOOL_CONVERSION = YES;
				CLANG_WARN_CONSTANT_CONVERSION = YES;
				CLANG_WARN_DIRECT_OBJC_ISA_USAGE = YES_ERROR;
				CLANG_WARN_EMPTY_BODY = YES;
				CLANG_WARN_ENUM_CONVERSION = YES;
				CLANG_WARN_INT_CONVERSION = YES;
				CLANG_WARN_OBJC_ROOT_CLASS = YES_ERROR;
				CLANG_WARN_UNREACHABLE_CODE = YES;
				CLANG_WARN__DUPLICATE_METHOD_MATCH = YES;
				"CODE_SIGN_IDENTITY[sdk=iphoneos*]" = "iPhone Developer";
				COPY_PHASE_STRIP = NO;
				ENABLE_STRICT_OBJC_MSGSEND = YES;
				GCC_C_LANGUAGE_STANDARD = gnu99;
				GCC_DYNAMIC_NO_PIC = NO;
				GCC_OPTIMIZATION_LEVEL = 0;
				GCC_PREPROCESSOR_DEFINITIONS = (
					"DEBUG=1",
					"$(inherited)",
				);
				GCC_SYMBOLS_PRIVATE_EXTERN = NO;
				GCC_WARN_64_TO_32_BIT_CONVERSION = YES;
				GCC_WARN_ABOUT_RETURN_TYPE = YES_ERROR;
				GCC_WARN_UNDECLARED_SELECTOR = YES;
				GCC_WARN_UNINITIALIZED_AUTOS = YES_AGGRESSIVE;
				GCC_WARN_UNUSED_FUNCTION = YES;
				GCC_WARN_UNUSED_VARIABLE = YES;
				IPHONEOS_DEPLOYMENT_TARGET = 8.1;
				MTL_ENABLE_DEBUG_INFO = YES;
				ONLY_ACTIVE_ARCH = YES;
				SDKROOT = iphoneos;
				SWIFT_OPTIMIZATION_LEVEL = "-Onone";
				TARGETED_DEVICE_FAMILY = "1,2";
			};
			name = Debug;
		};
		77A8E3501AB4075600BC058A /* Release */ = {
			isa = XCBuildConfiguration;
			buildSettings = {
				ALWAYS_SEARCH_USER_PATHS = NO;
				CLANG_CXX_LANGUAGE_STANDARD = "gnu++0x";
				CLANG_CXX_LIBRARY = "libc++";
				CLANG_ENABLE_MODULES = YES;
				CLANG_ENABLE_OBJC_ARC = YES;
				CLANG_WARN_BOOL_CONVERSION = YES;
				CLANG_WARN_CONSTANT_CONVERSION = YES;
				CLANG_WARN_DIRECT_OBJC_ISA_USAGE = YES_ERROR;
				CLANG_WARN_EMPTY_BODY = YES;
				CLANG_WARN_ENUM_CONVERSION = YES;
				CLANG_WARN_INT_CONVERSION = YES;
				CLANG_WARN_OBJC_ROOT_CLASS = YES_ERROR;
				CLANG_WARN_UNREACHABLE_CODE = YES;
				CLANG_WARN__DUPLICATE_METHOD_MATCH = YES;
				"CODE_SIGN_IDENTITY[sdk=iphoneos*]" = "iPhone Developer";
				COPY_PHASE_STRIP = YES;
				ENABLE_NS_ASSERTIONS = NO;
				ENABLE_STRICT_OBJC_MSGSEND = YES;
				GCC_C_LANGUAGE_STANDARD = gnu99;
				GCC_WARN_64_TO_32_BIT_CONVERSION = YES;
				GCC_WARN_ABOUT_RETURN_TYPE = YES_ERROR;
				GCC_WARN_UNDECLARED_SELECTOR = YES;
				GCC_WARN_UNINITIALIZED_AUTOS = YES_AGGRESSIVE;
				GCC_WARN_UNUSED_FUNCTION = YES;
				GCC_WARN_UNUSED_VARIABLE = YES;
				IPHONEOS_DEPLOYMENT_TARGET = 8.1;
				MTL_ENABLE_DEBUG_INFO = NO;
				SDKROOT = iphoneos;
				TARGETED_DEVICE_FAMILY = "1,2";
				VALIDATE_PRODUCT = YES;
			};
			name = Release;
		};
		77A8E3521AB4075600BC058A /* Debug */ = {
			isa = XCBuildConfiguration;
			buildSettings = {
				ASSETCATALOG_COMPILER_APPICON_NAME = AppIcon;
				CLANG_ENABLE_MODULES = YES;
				FRAMEWORK_SEARCH_PATHS = (
					"$(inherited)",
					/Users/SaurabhGupta/Desktop/Sweta,
					"Contents/parse-library-1.6.3",
					"$(PROJECT_DIR)/parse-library-1.6.1",
				);
				INFOPLIST_FILE = Notes/Info.plist;
				LD_RUNPATH_SEARCH_PATHS = "$(inherited) @executable_path/Frameworks";
				PRODUCT_NAME = "$(TARGET_NAME)";
				SWIFT_OBJC_BRIDGING_HEADER = "Notes/Notes-Bridging-Header.h";
				SWIFT_OPTIMIZATION_LEVEL = "-Onone";
			};
			name = Debug;
		};
		77A8E3531AB4075600BC058A /* Release */ = {
			isa = XCBuildConfiguration;
			buildSettings = {
				ASSETCATALOG_COMPILER_APPICON_NAME = AppIcon;
				CLANG_ENABLE_MODULES = YES;
				FRAMEWORK_SEARCH_PATHS = (
					"$(inherited)",
					/Users/SaurabhGupta/Desktop/Sweta,
					"Contents/parse-library-1.6.3",
					"$(PROJECT_DIR)/parse-library-1.6.1",
				);
				INFOPLIST_FILE = Notes/Info.plist;
				LD_RUNPATH_SEARCH_PATHS = "$(inherited) @executable_path/Frameworks";
				PRODUCT_NAME = "$(TARGET_NAME)";
				SWIFT_OBJC_BRIDGING_HEADER = "Notes/Notes-Bridging-Header.h";
			};
			name = Release;
		};
		77A8E3551AB4075600BC058A /* Debug */ = {
			isa = XCBuildConfiguration;
			buildSettings = {
				BUNDLE_LOADER = "$(TEST_HOST)";
				FRAMEWORK_SEARCH_PATHS = (
					"$(SDKROOT)/Developer/Library/Frameworks",
					"$(inherited)",
				);
				GCC_PREPROCESSOR_DEFINITIONS = (
					"DEBUG=1",
					"$(inherited)",
				);
				INFOPLIST_FILE = NotesTests/Info.plist;
				LD_RUNPATH_SEARCH_PATHS = "$(inherited) @executable_path/Frameworks @loader_path/Frameworks";
				PRODUCT_NAME = "$(TARGET_NAME)";
				TEST_HOST = "$(BUILT_PRODUCTS_DIR)/Notes.app/Notes";
			};
			name = Debug;
		};
		77A8E3561AB4075600BC058A /* Release */ = {
			isa = XCBuildConfiguration;
			buildSettings = {
				BUNDLE_LOADER = "$(TEST_HOST)";
				FRAMEWORK_SEARCH_PATHS = (
					"$(SDKROOT)/Developer/Library/Frameworks",
					"$(inherited)",
				);
				INFOPLIST_FILE = NotesTests/Info.plist;
				LD_RUNPATH_SEARCH_PATHS = "$(inherited) @executable_path/Frameworks @loader_path/Frameworks";
				PRODUCT_NAME = "$(TARGET_NAME)";
				TEST_HOST = "$(BUILT_PRODUCTS_DIR)/Notes.app/Notes";
			};
			name = Release;
		};
/* End XCBuildConfiguration section */

/* Begin XCConfigurationList section */
		77A8E32D1AB4075500BC058A /* Build configuration list for PBXProject "Notes" */ = {
			isa = XCConfigurationList;
			buildConfigurations = (
				77A8E34F1AB4075600BC058A /* Debug */,
				77A8E3501AB4075600BC058A /* Release */,
			);
			defaultConfigurationIsVisible = 0;
			defaultConfigurationName = Release;
		};
		77A8E3511AB4075600BC058A /* Build configuration list for PBXNativeTarget "Notes" */ = {
			isa = XCConfigurationList;
			buildConfigurations = (
				77A8E3521AB4075600BC058A /* Debug */,
				77A8E3531AB4075600BC058A /* Release */,
			);
			defaultConfigurationIsVisible = 0;
			defaultConfigurationName = Release;
		};
		77A8E3541AB4075600BC058A /* Build configuration list for PBXNativeTarget "NotesTests" */ = {
			isa = XCConfigurationList;
			buildConfigurations = (
				77A8E3551AB4075600BC058A /* Debug */,
				77A8E3561AB4075600BC058A /* Release */,
			);
			defaultConfigurationIsVisible = 0;
			defaultConfigurationName = Release;
		};
/* End XCConfigurationList section */
	};
	rootObject = 77A8E32A1AB4075500BC058A /* Project object */;
}
